
Microsoft Visual Studio Solution File, Format Version 12.00
# Visual Studio Version 17
VisualStudioVersion = 17.1.32328.378
MinimumVisualStudioVersion = 10.0.40219.1
Project("{FAE04EC0-301F-11D3-BF4B-00C04F79EFBC}") = "TuneHijacker", "TuneHijacker.csproj", "{92F7F2F1-001A-4239-BD1E-2B8804395151}"
EndProject
Global
	GlobalSection(SolutionConfigurationPlatforms) = preSolution
		Debug|Any CPU = Debug|Any CPU
		Release|Any CPU = Release|Any CPU
	EndGlobalSection
	GlobalSection(ProjectConfigurationPlatforms) = postSolution
		{92F7F2F1-001A-4239-BD1E-2B8804395151}.Debug|Any CPU.ActiveCfg = Debug|Any CPU
		{92F7F2F1-001A-4239-BD1E-2B8804395151}.Debug|Any CPU.Build.0 = Debug|Any CPU
		{92F7F2F1-001A-4239-BD1E-2B8804395151}.Release|Any CPU.ActiveCfg = Release|Any CPU
		{92F7F2F1-001A-4239-BD1E-2B8804395151}.Release|Any CPU.Build.0 = Release|Any CPU
	EndGlobalSection
	GlobalSection(SolutionProperties) = preSolution
		HideSolutionNode = FALSE
	EndGlobalSection
	GlobalSection(ExtensibilityGlobals) = postSolution
		SolutionGuid = {F696D4BF-7ADB-4912-9EB7-62B9E773FCA1}
	EndGlobalSection
EndGlobal
